
Microsoft Visual Studio Solution File, Format Version 12.00
# Visual Studio Version 17
VisualStudioVersion = 17.6.33723.286
MinimumVisualStudioVersion = 10.0.40219.1
Project("{9A19103F-16F7-4668-BE54-9A1E7A4F7556}") = "ApertureScience", "ApertureScience\ApertureScience.csproj", "{097447AE-D0DB-4B45-8A7C-064A302889EC}"
EndProject
Project("{9A19103F-16F7-4668-BE54-9A1E7A4F7556}") = "ApertureScience.Data", "ApertureScience.Data\ApertureScience.Data.csproj", "{1FE79CC6-9D56-45F0-AFB3-B286E480868E}"
EndProject
Project("{9A19103F-16F7-4668-BE54-9A1E7A4F7556}") = "ApertureScience.Model", "ApertureScience.Model\ApertureScience.Model.csproj", "{22DC8306-1227-4279-9F7C-4F4C3983F77B}"
EndProject
Global
	GlobalSection(SolutionConfigurationPlatforms) = preSolution
		Debug|Any CPU = Debug|Any CPU
		Debug|x64 = Debug|x64
		Release|Any CPU = Release|Any CPU
		Release|x64 = Release|x64
	EndGlobalSection
	GlobalSection(ProjectConfigurationPlatforms) = postSolution
		{097447AE-D0DB-4B45-8A7C-064A302889EC}.Debug|Any CPU.ActiveCfg = Debug|Any CPU
		{097447AE-D0DB-4B45-8A7C-064A302889EC}.Debug|Any CPU.Build.0 = Debug|Any CPU
		{097447AE-D0DB-4B45-8A7C-064A302889EC}.Debug|x64.ActiveCfg = Debug|x64
		{097447AE-D0DB-4B45-8A7C-064A302889EC}.Debug|x64.Build.0 = Debug|x64
		{097447AE-D0DB-4B45-8A7C-064A302889EC}.Release|Any CPU.ActiveCfg = Release|Any CPU
		{097447AE-D0DB-4B45-8A7C-064A302889EC}.Release|Any CPU.Build.0 = Release|Any CPU
		{097447AE-D0DB-4B45-8A7C-064A302889EC}.Release|x64.ActiveCfg = Release|x64
		{097447AE-D0DB-4B45-8A7C-064A302889EC}.Release|x64.Build.0 = Release|x64
		{1FE79CC6-9D56-45F0-AFB3-B286E480868E}.Debug|Any CPU.ActiveCfg = Debug|Any CPU
		{1FE79CC6-9D56-45F0-AFB3-B286E480868E}.Debug|Any CPU.Build.0 = Debug|Any CPU
		{1FE79CC6-9D56-45F0-AFB3-B286E480868E}.Debug|x64.ActiveCfg = Debug|x64
		{1FE79CC6-9D56-45F0-AFB3-B286E480868E}.Debug|x64.Build.0 = Debug|x64
		{1FE79CC6-9D56-45F0-AFB3-B286E480868E}.Release|Any CPU.ActiveCfg = Release|Any CPU
		{1FE79CC6-9D56-45F0-AFB3-B286E480868E}.Release|Any CPU.Build.0 = Release|Any CPU
		{1FE79CC6-9D56-45F0-AFB3-B286E480868E}.Release|x64.ActiveCfg = Release|x64
		{1FE79CC6-9D56-45F0-AFB3-B286E480868E}.Release|x64.Build.0 = Release|x64
		{22DC8306-1227-4279-9F7C-4F4C3983F77B}.Debug|Any CPU.ActiveCfg = Debug|Any CPU
		{22DC8306-1227-4279-9F7C-4F4C3983F77B}.Debug|Any CPU.Build.0 = Debug|Any CPU
		{22DC8306-1227-4279-9F7C-4F4C3983F77B}.Debug|x64.ActiveCfg = Debug|x64
		{22DC8306-1227-4279-9F7C-4F4C3983F77B}.Debug|x64.Build.0 = Debug|x64
		{22DC8306-1227-4279-9F7C-4F4C3983F77B}.Release|Any CPU.ActiveCfg = Release|Any CPU
		{22DC8306-1227-4279-9F7C-4F4C3983F77B}.Release|Any CPU.Build.0 = Release|Any CPU
		{22DC8306-1227-4279-9F7C-4F4C3983F77B}.Release|x64.ActiveCfg = Release|x64
		{22DC8306-1227-4279-9F7C-4F4C3983F77B}.Release|x64.Build.0 = Release|x64
	EndGlobalSection
	GlobalSection(SolutionProperties) = preSolution
		HideSolutionNode = FALSE
	EndGlobalSection
	GlobalSection(ExtensibilityGlobals) = postSolution
		SolutionGuid = {1A6F6CD9-B2F5-4A0B-B145-B0770C544F8B}
	EndGlobalSection
EndGlobal
